
Microsoft Visual Studio Solution File, Format Version 12.00
# Visual Studio 15
VisualStudioVersion = 15.0.28307.102
MinimumVisualStudioVersion = 10.0.40219.1
Project("{9A19103F-16F7-4668-BE54-9A1E7A4F7556}") = "Clean.Api", "Clean.Api\Clean.Api.csproj", "{83D1C998-9780-4E8B-BF0A-856CF9211035}"
EndProject
Project("{9A19103F-16F7-4668-BE54-9A1E7A4F7556}") = "Clean.Core", "Clean.Core\Clean.Core.csproj", "{7513EFAB-551F-4AC0-8478-3E68702EE0F1}"
EndProject
Project("{9A19103F-16F7-4668-BE54-9A1E7A4F7556}") = "Clean.Infrastructure", "Clean.Infrastructure\Clean.Infrastructure.csproj", "{0B5DDD37-19DC-43E7-A5A1-D31776EC1414}"
EndProject
Project("{2150E333-8FDC-42A3-9474-1A3956D46DE8}") = "src", "src", "{7BE40792-2166-452E-B726-B6C1EF4C24AB}"
EndProject
Global
	GlobalSection(SolutionConfigurationPlatforms) = preSolution
		Debug|Any CPU = Debug|Any CPU
		Release|Any CPU = Release|Any CPU
	EndGlobalSection
	GlobalSection(ProjectConfigurationPlatforms) = postSolution
		{83D1C998-9780-4E8B-BF0A-856CF9211035}.Debug|Any CPU.ActiveCfg = Debug|Any CPU
		{83D1C998-9780-4E8B-BF0A-856CF9211035}.Debug|Any CPU.Build.0 = Debug|Any CPU
		{83D1C998-9780-4E8B-BF0A-856CF9211035}.Release|Any CPU.ActiveCfg = Release|Any CPU
		{83D1C998-9780-4E8B-BF0A-856CF9211035}.Release|Any CPU.Build.0 = Release|Any CPU
		{7513EFAB-551F-4AC0-8478-3E68702EE0F1}.Debug|Any CPU.ActiveCfg = Debug|Any CPU
		{7513EFAB-551F-4AC0-8478-3E68702EE0F1}.Debug|Any CPU.Build.0 = Debug|Any CPU
		{7513EFAB-551F-4AC0-8478-3E68702EE0F1}.Release|Any CPU.ActiveCfg = Release|Any CPU
		{7513EFAB-551F-4AC0-8478-3E68702EE0F1}.Release|Any CPU.Build.0 = Release|Any CPU
		{0B5DDD37-19DC-43E7-A5A1-D31776EC1414}.Debug|Any CPU.ActiveCfg = Debug|Any CPU
		{0B5DDD37-19DC-43E7-A5A1-D31776EC1414}.Debug|Any CPU.Build.0 = Debug|Any CPU
		{0B5DDD37-19DC-43E7-A5A1-D31776EC1414}.Release|Any CPU.ActiveCfg = Release|Any CPU
		{0B5DDD37-19DC-43E7-A5A1-D31776EC1414}.Release|Any CPU.Build.0 = Release|Any CPU
	EndGlobalSection
	GlobalSection(SolutionProperties) = preSolution
		HideSolutionNode = FALSE
	EndGlobalSection
	GlobalSection(NestedProjects) = preSolution
		{83D1C998-9780-4E8B-BF0A-856CF9211035} = {7BE40792-2166-452E-B726-B6C1EF4C24AB}
		{7513EFAB-551F-4AC0-8478-3E68702EE0F1} = {7BE40792-2166-452E-B726-B6C1EF4C24AB}
		{0B5DDD37-19DC-43E7-A5A1-D31776EC1414} = {7BE40792-2166-452E-B726-B6C1EF4C24AB}
	EndGlobalSection
	GlobalSection(ExtensibilityGlobals) = postSolution
		SolutionGuid = {F3E6C9B2-47DE-49F4-82F8-FA4173BA7594}
	EndGlobalSection
EndGlobal
